// !$*UTF8*$!
{
	archiveVersion = 1;
	classes = {
	};
	objectVersion = 46;
	objects = {

/* Begin PBXBuildFile section */
		991826FB1D99EC7900D0F4FF /* AppDelegate.swift in Sources */ = {isa = PBXBuildFile; fileRef = 991826FA1D99EC7900D0F4FF /* AppDelegate.swift */; };
		991826FD1D99EC7900D0F4FF /* ViewController.swift in Sources */ = {isa = PBXBuildFile; fileRef = 991826FC1D99EC7900D0F4FF /* ViewController.swift */; };
		991826FF1D99EC7900D0F4FF /* Assets.xcassets in Resources */ = {isa = PBXBuildFile; fileRef = 991826FE1D99EC7900D0F4FF /* Assets.xcassets */; };
		991827021D99EC7900D0F4FF /* Main.storyboard in Resources */ = {isa = PBXBuildFile; fileRef = 991827001D99EC7900D0F4FF /* Main.storyboard */; };
/* End PBXBuildFile section */

/* Begin PBXFileReference section */
		991826F71D99EC7900D0F4FF /* BorderlessButton.app */ = {isa = PBXFileReference; explicitFileType = wrapper.application; includeInIndex = 0; path = BorderlessButton.app; sourceTree = BUILT_PRODUCTS_DIR; };
		991826FA1D99EC7900D0F4FF /* AppDelegate.swift */ = {isa = PBXFileReference; lastKnownFileType = sourcecode.swift; path = AppDelegate.swift; sourceTree = "<group>"; };
		991826FC1D99EC7900D0F4FF /* ViewController.swift */ = {isa = PBXFileReference; lastKnownFileType = sourcecode.swift; path = ViewController.swift; sourceTree = "<group>"; };
		991826FE1D99EC7900D0F4FF /* Assets.xcassets */ = {isa = PBXFileReference; lastKnownFileType = folder.assetcatalog; path = Assets.xcassets; sourceTree = "<group>"; };
		991827011D99EC7900D0F4FF /* Base */ = {isa = PBXFileReference; lastKnownFileType = file.storyboard; name = Base; path = Base.lproj/Main.storyboard; sourceTree = "<group>"; };
		991827031D99EC7900D0F4FF /* Info.plist */ = {isa = PBXFileReference; lastKnownFileType = text.plist.xml; path = Info.plist; sourceTree = "<group>"; };
/* End PBXFileReference section */

/* Begin PBXFrameworksBuildPhase section */
		991826F41D99EC7900D0F4FF /* Frameworks */ = {
			isa = PBXFrameworksBuildPhase;
			buildActionMask = 2147483647;
			files = (
			);
			runOnlyForDeploymentPostprocessing = 0;
		};
/* End PBXFrameworksBuildPhase section */

/* Begin PBXGroup section */
		991826EE1D99EC7900D0F4FF = {
			isa = PBXGroup;
			children = (
				991826F91D99EC7900D0F4FF /* BorderlessButton */,
				991826F81D99EC7900D0F4FF /* Products */,
			);
			sourceTree = "<group>";
		};
		991826F81D99EC7900D0F4FF /* Products */ = {
			isa = PBXGroup;
			children = (
				991826F71D99EC7900D0F4FF /* BorderlessButton.app */,
			);
			name = Products;
			sourceTree = "<group>";
		};
		991826F91D99EC7900D0F4FF /* BorderlessButton */ = {
			isa = PBXGroup;
			children = (
				991826FA1D99EC7900D0F4FF /* AppDelegate.swift */,
				991826FC1D99EC7900D0F4FF /* ViewController.swift */,
				991826FE1D99EC7900D0F4FF /* Assets.xcassets */,
				991827001D99EC7900D0F4FF /* Main.storyboard */,
				991827031D99EC7900D0F4FF /* Info.plist */,
			);
			path = BorderlessButton;
			sourceTree = "<group>";
		};
/* End PBXGroup section */

/* Begin PBXNativeTarget section */
		991826F61D99EC7900D0F4FF /* BorderlessButton */ = {
			isa = PBXNativeTarget;
			buildConfigurationList = 991827061D99EC7900D0F4FF /* Build configuration list for PBXNativeTarget "BorderlessButton" */;
			buildPhases = (
				991826F31D99EC7900D0F4FF /* Sources */,
				991826F41D99EC7900D0F4FF /* Frameworks */,
				991826F51D99EC7900D0F4FF /* Resources */,
			);
			buildRules = (
			);
			dependencies = (
			);
			name = BorderlessButton;
			productName = BorderlessButton;
			productReference = 991826F71D99EC7900D0F4FF /* BorderlessButton.app */;
			productType = "com.apple.product-type.application";
		};
/* End PBXNativeTarget section */

/* Begin PBXProject section */
		991826EF1D99EC7900D0F4FF /* Project object */ = {
			isa = PBXProject;
			attributes = {
				LastSwiftUpdateCheck = 0800;
				LastUpgradeCheck = 0800;
				ORGANIZATIONNAME = "Touch of Cocoa";
				TargetAttributes = {
					991826F61D99EC7900D0F4FF = {
						CreatedOnToolsVersion = 8.0;
						ProvisioningStyle = Automatic;
					};
				};
			};
			buildConfigurationList = 991826F21D99EC7900D0F4FF /* Build configuration list for PBXProject "BorderlessButton" */;
			compatibilityVersion = "Xcode 3.2";
			developmentRegion = English;
			hasScannedForEncodings = 0;
			knownRegions = (
				en,
				Base,
			);
			mainGroup = 991826EE1D99EC7900D0F4FF;
			productRefGroup = 991826F81D99EC7900D0F4FF /* Products */;
			projectDirPath = "";
			projectRoot = "";
			targets = (
				991826F61D99EC7900D0F4FF /* BorderlessButton */,
			);
		};
/* End PBXProject section */

/* Begin PBXResourcesBuildPhase section */
		991826F51D99EC7900D0F4FF /* Resources */ = {
			isa = PBXResourcesBuildPhase;
			buildActionMask = 2147483647;
			files = (
				991826FF1D99EC7900D0F4FF /* Assets.xcassets in Resources */,
				991827021D99EC7900D0F4FF /* Main.storyboard in Resources */,
			);
			runOnlyForDeploymentPostprocessing = 0;
		};
/* End PBXResourcesBuildPhase section */

/* Begin PBXSourcesBuildPhase section */
		991826F31D99EC7900D0F4FF /* Sources */ = {
			isa = PBXSourcesBuildPhase;
			buildActionMask = 2147483647;
			files = (
				991826FD1D99EC7900D0F4FF /* ViewController.swift in Sources */,
				991826FB1D99EC7900D0F4FF /* AppDelegate.swift in Sources */,
			);
			runOnlyForDeploymentPostprocessing = 0;
		};
/* End PBXSourcesBuildPhase section */

/* Begin PBXVariantGroup section */
		991827001D99EC7900D0F4FF /* Main.storyboard */ = {
			isa = PBXVariantGroup;
			children = (
				991827011D99EC7900D0F4FF /* Base */,
			);
			name = Main.storyboard;
			sourceTree = "<group>";
		};
/* End PBXVariantGroup section */

/* Begin XCBuildConfiguration section */
		991827041D99EC7900D0F4FF /* Debug */ = {
			isa = XCBuildConfiguration;
			buildSettings = {
				ALWAYS_SEARCH_USER_PATHS = NO;
				CLANG_ANALYZER_NONNULL = YES;
				CLANG_CXX_LANGUAGE_STANDARD = "gnu++0x";
				CLANG_CXX_LIBRARY = "libc++";
				CLANG_ENABLE_MODULES = YES;
				CLANG_ENABLE_OBJC_ARC = YES;
				CLANG_WARN_BOOL_CONVERSION = YES;
				CLANG_WARN_CONSTANT_CONVERSION = YES;
				CLANG_WARN_DIRECT_OBJC_ISA_USAGE = YES_ERROR;
				CLANG_WARN_DOCUMENTATION_COMMENTS = YES;
				CLANG_WARN_EMPTY_BODY = YES;
				CLANG_WARN_ENUM_CONVERSION = YES;
				CLANG_WARN_INFINITE_RECURSION = YES;
				CLANG_WARN_INT_CONVERSION = YES;
				CLANG_WARN_OBJC_ROOT_CLASS = YES_ERROR;
				CLANG_WARN_SUSPICIOUS_MOVES = YES;
				CLANG_WARN_UNREACHABLE_CODE = YES;
				CLANG_WARN__DUPLICATE_METHOD_MATCH = YES;
				CODE_SIGN_IDENTITY = "-";
				COPY_PHASE_STRIP = NO;
				DEBUG_INFORMATION_FORMAT = dwarf;
				ENABLE_STRICT_OBJC_MSGSEND = YES;
				ENABLE_TESTABILITY = YES;
				GCC_C_LANGUAGE_STANDARD = gnu99;
				GCC_DYNAMIC_NO_PIC = NO;
				GCC_NO_COMMON_BLOCKS = YES;
				GCC_OPTIMIZATION_LEVEL = 0;
				GCC_PREPROCESSOR_DEFINITIONS = (
					"DEBUG=1",
					"$(inherited)",
				);
				GCC_WARN_64_TO_32_BIT_CONVERSION = YES;
				GCC_WARN_ABOUT_RETURN_TYPE = YES_ERROR;
				GCC_WARN_UNDECLARED_SELECTOR = YES;
				GCC_WARN_UNINITIALIZED_AUTOS = YES_AGGRESSIVE;
				GCC_WARN_UNUSED_FUNCTION = YES;
				GCC_WARN_UNUSED_VARIABLE = YES;
				MACOSX_DEPLOYMENT_TARGET = 10.12;
				MTL_ENABLE_DEBUG_INFO = YES;
				ONLY_ACTIVE_ARCH = YES;
				SDKROOT = macosx;
				SWIFT_ACTIVE_COMPILATION_CONDITIONS = DEBUG;
				SWIFT_OPTIMIZATION_LEVEL = "-Onone";
			};
			name = Debug;
		};
		991827051D99EC7900D0F4FF /* Release */ = {
			isa = XCBuildConfiguration;
			buildSettings = {
				ALWAYS_SEARCH_USER_PATHS = NO;
				CLANG_ANALYZER_NONNULL = YES;
				CLANG_CXX_LANGUAGE_STANDARD = "gnu++0x";
				CLANG_CXX_LIBRARY = "libc++";
				CLANG_ENABLE_MODULES = YES;
				CLANG_ENABLE_OBJC_ARC = YES;
				CLANG_WARN_BOOL_CONVERSION = YES;
				CLANG_WARN_CONSTANT_CONVERSION = YES;
				CLANG_WARN_DIRECT_OBJC_ISA_USAGE = YES_ERROR;
				CLANG_WARN_DOCUMENTATION_COMMENTS = YES;
				CLANG_WARN_EMPTY_BODY = YES;
				CLANG_WARN_ENUM_CONVERSION = YES;
				CLANG_WARN_INFINITE_RECURSION = YES;
				CLANG_WARN_INT_CONVERSION = YES;
				CLANG_WARN_OBJC_ROOT_CLASS = YES_ERROR;
				CLANG_WARN_SUSPICIOUS_MOVES = YES;
				CLANG_WARN_UNREACHABLE_CODE = YES;
				CLANG_WARN__DUPLICATE_METHOD_MATCH = YES;
				CODE_SIGN_IDENTITY = "-";
				COPY_PHASE_STRIP = NO;
				DEBUG_INFORMATION_FORMAT = "dwarf-with-dsym";
				ENABLE_NS_ASSERTIONS = NO;
				ENABLE_STRICT_OBJC_MSGSEND = YES;
				GCC_C_LANGUAGE_STANDARD = gnu99;
				GCC_NO_COMMON_BLOCKS = YES;
				GCC_WARN_64_TO_32_BIT_CONVERSION = YES;
				GCC_WARN_ABOUT_RETURN_TYPE = YES_ERROR;
				GCC_WARN_UNDECLARED_SELECTOR = YES;
				GCC_WARN_UNINITIALIZED_AUTOS = YES_AGGRESSIVE;
				GCC_WARN_UNUSED_FUNCTION = YES;
				GCC_WARN_UNUSED_VARIABLE = YES;
				MACOSX_DEPLOYMENT_TARGET = 10.12;
				MTL_ENABLE_DEBUG_INFO = NO;
				SDKROOT = macosx;
				SWIFT_OPTIMIZATION_LEVEL = "-Owholemodule";
			};
			name = Release;
		};
		991827071D99EC7900D0F4FF /* Debug */ = {
			isa = XCBuildConfiguration;
			buildSettings = {
				ASSETCATALOG_COMPILER_APPICON_NAME = AppIcon;
				COMBINE_HIDPI_IMAGES = YES;
				INFOPLIST_FILE = BorderlessButton/Info.plist;
				LD_RUNPATH_SEARCH_PATHS = "$(inherited) @executable_path/../Frameworks";
				PRODUCT_BUNDLE_IDENTIFIER = com.touchofcocoa.BorderlessButton;
				PRODUCT_NAME = "$(TARGET_NAME)";
				SWIFT_VERSION = 3.0;
			};
			name = Debug;
		};
		991827081D99EC7900D0F4FF /* Release */ = {
			isa = XCBuildConfiguration;
			buildSettings = {
				ASSETCATALOG_COMPILER_APPICON_NAME = AppIcon;
				COMBINE_HIDPI_IMAGES = YES;
				INFOPLIST_FILE = BorderlessButton/Info.plist;
				LD_RUNPATH_SEARCH_PATHS = "$(inherited) @executable_path/../Frameworks";
				PRODUCT_BUNDLE_IDENTIFIER = com.touchofcocoa.BorderlessButton;
				PRODUCT_NAME = "$(TARGET_NAME)";
				SWIFT_VERSION = 3.0;
			};
			name = Release;
		};
/* End XCBuildConfiguration section */

/* Begin XCConfigurationList section */
		991826F21D99EC7900D0F4FF /* Build configuration list for PBXProject "BorderlessButton" */ = {
			isa = XCConfigurationList;
			buildConfigurations = (
				991827041D99EC7900D0F4FF /* Debug */,
				991827051D99EC7900D0F4FF /* Release */,
			);
			defaultConfigurationIsVisible = 0;
			defaultConfigurationName = Release;
		};
		991827061D99EC7900D0F4FF /* Build configuration list for PBXNativeTarget "BorderlessButton" */ = {
			isa = XCConfigurationList;
			buildConfigurations = (
				991827071D99EC7900D0F4FF /* Debug */,
				991827081D99EC7900D0F4FF /* Release */,
			);
			defaultConfigurationIsVisible = 0;
		};
/* End XCConfigurationList section */
	};
	rootObject = 991826EF1D99EC7900D0F4FF /* Project object */;
}
